// !$*UTF8*$!
{
	archiveVersion = 1;
	classes = {
	};
	objectVersion = 52;
	objects = {

/* Begin PBXBuildFile section */
		A121988F24C20C2000BA5D3B /* Auth.swift in Sources */ = {isa = PBXBuildFile; fileRef = A121988E24C20C2000BA5D3B /* Auth.swift */; };
		A121989224C20F4B00BA5D3B /* AuthManager.swift in Sources */ = {isa = PBXBuildFile; fileRef = A121989124C20F4B00BA5D3B /* AuthManager.swift */; };
		A1305EDA24C31DA8006948D5 /* NavigationStack.swift in Sources */ = {isa = PBXBuildFile; fileRef = A1305ED924C31DA8006948D5 /* NavigationStack.swift */; };
		A14B1B8324C356BE003D518D /* Constants.swift in Sources */ = {isa = PBXBuildFile; fileRef = A14B1B8224C356BE003D518D /* Constants.swift */; };
		A14B1B8624C3575A003D518D /* UserModel.swift in Sources */ = {isa = PBXBuildFile; fileRef = A14B1B8524C3575A003D518D /* UserModel.swift */; };
		A15640E424C30BD300059B5E /* Registration.swift in Sources */ = {isa = PBXBuildFile; fileRef = A15640E324C30BD300059B5E /* Registration.swift */; };
		A15640E724C3119300059B5E /* RegistrationView.swift in Sources */ = {isa = PBXBuildFile; fileRef = A15640E624C3119300059B5E /* RegistrationView.swift */; };
		A15640EA24C313A300059B5E /* BaseAuthState.swift in Sources */ = {isa = PBXBuildFile; fileRef = A15640E924C313A300059B5E /* BaseAuthState.swift */; };
		A156721524C6447A00BD6240 /* ApiManager.swift in Sources */ = {isa = PBXBuildFile; fileRef = A156721424C6447A00BD6240 /* ApiManager.swift */; };
		A158B4E324C0E6970085D58D /* Title.swift in Sources */ = {isa = PBXBuildFile; fileRef = A158B4E224C0E6970085D58D /* Title.swift */; };
		A158B4E624C0E7D20085D58D /* Colors.swift in Sources */ = {isa = PBXBuildFile; fileRef = A158B4E524C0E7D20085D58D /* Colors.swift */; };
		A158B4E924C0E8A70085D58D /* Color+.swift in Sources */ = {isa = PBXBuildFile; fileRef = A158B4E824C0E8A70085D58D /* Color+.swift */; };
		A158B4ED24C0ED690085D58D /* AuthView.swift in Sources */ = {isa = PBXBuildFile; fileRef = A158B4EC24C0ED690085D58D /* AuthView.swift */; };
		A158B4EF24C0EFDB0085D58D /* NavigationBarHidden.swift in Sources */ = {isa = PBXBuildFile; fileRef = A158B4EE24C0EFDB0085D58D /* NavigationBarHidden.swift */; };
		A158B4F224C0F1CD0085D58D /* ComposableArchitecture in Frameworks */ = {isa = PBXBuildFile; productRef = A158B4F124C0F1CD0085D58D /* ComposableArchitecture */; };
		A158B4F424C0F1CD0085D58D /* ComposableCoreMotion in Frameworks */ = {isa = PBXBuildFile; productRef = A158B4F324C0F1CD0085D58D /* ComposableCoreMotion */; };
		A158B4F624C0F1CD0085D58D /* ComposableCoreLocation in Frameworks */ = {isa = PBXBuildFile; productRef = A158B4F524C0F1CD0085D58D /* ComposableCoreLocation */; };
		A159BA8024C2009700D90DCA /* App.swift in Sources */ = {isa = PBXBuildFile; fileRef = A159BA7F24C2009700D90DCA /* App.swift */; };
		A16B92D724DCB12600691EC6 /* Map.swift in Sources */ = {isa = PBXBuildFile; fileRef = A16B92D624DCB12600691EC6 /* Map.swift */; };
		A16B92D924DCB16A00691EC6 /* MapView.swift in Sources */ = {isa = PBXBuildFile; fileRef = A16B92D824DCB16A00691EC6 /* MapView.swift */; };
		A16B92DB24DCB6AE00691EC6 /* TabViewNavigation.swift in Sources */ = {isa = PBXBuildFile; fileRef = A16B92DA24DCB6AE00691EC6 /* TabViewNavigation.swift */; };
		A179E59524DCBEB50042A3C3 /* View+.swift in Sources */ = {isa = PBXBuildFile; fileRef = A179E59424DCBEB50042A3C3 /* View+.swift */; };
		A18068EC24DC180F0039C0E8 /* TabBar.swift in Sources */ = {isa = PBXBuildFile; fileRef = A18068EB24DC180F0039C0E8 /* TabBar.swift */; };
		A18068EE24DC18E40039C0E8 /* TabBarView.swift in Sources */ = {isa = PBXBuildFile; fileRef = A18068ED24DC18E40039C0E8 /* TabBarView.swift */; };
		A18763BE24C33DDE00ACE430 /* Main.swift in Sources */ = {isa = PBXBuildFile; fileRef = A18763BD24C33DDE00ACE430 /* Main.swift */; };
		A18763C024C33E3900ACE430 /* MainView.swift in Sources */ = {isa = PBXBuildFile; fileRef = A18763BF24C33E3900ACE430 /* MainView.swift */; };
		A18763C224C3417D00ACE430 /* UserManager.swift in Sources */ = {isa = PBXBuildFile; fileRef = A18763C124C3417D00ACE430 /* UserManager.swift */; };
		A18EEFFC24C0C60C0013D45C /* AppDelegate.swift in Sources */ = {isa = PBXBuildFile; fileRef = A18EEFFB24C0C60C0013D45C /* AppDelegate.swift */; };
		A18EEFFE24C0C60C0013D45C /* SceneDelegate.swift in Sources */ = {isa = PBXBuildFile; fileRef = A18EEFFD24C0C60C0013D45C /* SceneDelegate.swift */; };
		A18EF00024C0C60C0013D45C /* ContentView.swift in Sources */ = {isa = PBXBuildFile; fileRef = A18EEFFF24C0C60C0013D45C /* ContentView.swift */; };
		A18EF00224C0C60D0013D45C /* Assets.xcassets in Resources */ = {isa = PBXBuildFile; fileRef = A18EF00124C0C60D0013D45C /* Assets.xcassets */; };
		A18EF00524C0C60D0013D45C /* Preview Assets.xcassets in Resources */ = {isa = PBXBuildFile; fileRef = A18EF00424C0C60D0013D45C /* Preview Assets.xcassets */; };
		A18EF00824C0C60D0013D45C /* LaunchScreen.storyboard in Resources */ = {isa = PBXBuildFile; fileRef = A18EF00624C0C60D0013D45C /* LaunchScreen.storyboard */; };
		A18EF01324C0C60D0013D45C /* EventersTests.swift in Sources */ = {isa = PBXBuildFile; fileRef = A18EF01224C0C60D0013D45C /* EventersTests.swift */; };
		A18EF01E24C0C60D0013D45C /* EventersUITests.swift in Sources */ = {isa = PBXBuildFile; fileRef = A18EF01D24C0C60D0013D45C /* EventersUITests.swift */; };
		A1CC880D24CC8554001673F9 /* RectangleGapRepresentable.swift in Sources */ = {isa = PBXBuildFile; fileRef = A1CC880C24CC8554001673F9 /* RectangleGapRepresentable.swift */; };
		A1F61F9124C205E1000521C1 /* GoogleService-Info.plist in Resources */ = {isa = PBXBuildFile; fileRef = A1F61F9024C205E1000521C1 /* GoogleService-Info.plist */; };
		BBA8C54B83284217B5C36F61 /* Pods_EventersTests.framework in Frameworks */ = {isa = PBXBuildFile; fileRef = B1D7E69DC962906773079126 /* Pods_EventersTests.framework */; };
		BEB9208B16BA0316BACE940C /* Pods_Eventers.framework in Frameworks */ = {isa = PBXBuildFile; fileRef = 707C91987EFB321E7A5C2632 /* Pods_Eventers.framework */; };
		F757B08F863D0FBBE1F4AED8 /* Pods_Eventers_EventersUITests.framework in Frameworks */ = {isa = PBXBuildFile; fileRef = 2DE97D1F668BA3B5D40D6D30 /* Pods_Eventers_EventersUITests.framework */; };
/* End PBXBuildFile section */

/* Begin PBXContainerItemProxy section */
		A18EF00F24C0C60D0013D45C /* PBXContainerItemProxy */ = {
			isa = PBXContainerItemProxy;
			containerPortal = A18EEFF024C0C60C0013D45C /* Project object */;
			proxyType = 1;
			remoteGlobalIDString = A18EEFF724C0C60C0013D45C;
			remoteInfo = Eventers;
		};
		A18EF01A24C0C60D0013D45C /* PBXContainerItemProxy */ = {
			isa = PBXContainerItemProxy;
			containerPortal = A18EEFF024C0C60C0013D45C /* Project object */;
			proxyType = 1;
			remoteGlobalIDString = A18EEFF724C0C60C0013D45C;
			remoteInfo = Eventers;
		};
/* End PBXContainerItemProxy section */

/* Begin PBXFileReference section */
		2B895A3600FB31D2B632992F /* Pods-EventersTests.debug.xcconfig */ = {isa = PBXFileReference; includeInIndex = 1; lastKnownFileType = text.xcconfig; name = "Pods-EventersTests.debug.xcconfig"; path = "Target Support Files/Pods-EventersTests/Pods-EventersTests.debug.xcconfig"; sourceTree = "<group>"; };
		2DE97D1F668BA3B5D40D6D30 /* Pods_Eventers_EventersUITests.framework */ = {isa = PBXFileReference; explicitFileType = wrapper.framework; includeInIndex = 0; path = Pods_Eventers_EventersUITests.framework; sourceTree = BUILT_PRODUCTS_DIR; };
		707C91987EFB321E7A5C2632 /* Pods_Eventers.framework */ = {isa = PBXFileReference; explicitFileType = wrapper.framework; includeInIndex = 0; path = Pods_Eventers.framework; sourceTree = BUILT_PRODUCTS_DIR; };
		72BAFDE18B11CDEC675BD387 /* Pods-Eventers-EventersUITests.debug.xcconfig */ = {isa = PBXFileReference; includeInIndex = 1; lastKnownFileType = text.xcconfig; name = "Pods-Eventers-EventersUITests.debug.xcconfig"; path = "Target Support Files/Pods-Eventers-EventersUITests/Pods-Eventers-EventersUITests.debug.xcconfig"; sourceTree = "<group>"; };
		784D9B9A078B0FB4B73617A6 /* Pods-EventersTests.release.xcconfig */ = {isa = PBXFileReference; includeInIndex = 1; lastKnownFileType = text.xcconfig; name = "Pods-EventersTests.release.xcconfig"; path = "Target Support Files/Pods-EventersTests/Pods-EventersTests.release.xcconfig"; sourceTree = "<group>"; };
		A121988E24C20C2000BA5D3B /* Auth.swift */ = {isa = PBXFileReference; lastKnownFileType = sourcecode.swift; path = Auth.swift; sourceTree = "<group>"; };
		A121989124C20F4B00BA5D3B /* AuthManager.swift */ = {isa = PBXFileReference; lastKnownFileType = sourcecode.swift; path = AuthManager.swift; sourceTree = "<group>"; };
		A1305ED924C31DA8006948D5 /* NavigationStack.swift */ = {isa = PBXFileReference; lastKnownFileType = sourcecode.swift; path = NavigationStack.swift; sourceTree = "<group>"; };
		A14B1B8224C356BE003D518D /* Constants.swift */ = {isa = PBXFileReference; lastKnownFileType = sourcecode.swift; path = Constants.swift; sourceTree = "<group>"; };
		A14B1B8524C3575A003D518D /* UserModel.swift */ = {isa = PBXFileReference; lastKnownFileType = sourcecode.swift; path = UserModel.swift; sourceTree = "<group>"; };
		A15640E324C30BD300059B5E /* Registration.swift */ = {isa = PBXFileReference; lastKnownFileType = sourcecode.swift; path = Registration.swift; sourceTree = "<group>"; };
		A15640E624C3119300059B5E /* RegistrationView.swift */ = {isa = PBXFileReference; lastKnownFileType = sourcecode.swift; path = RegistrationView.swift; sourceTree = "<group>"; };
		A15640E924C313A300059B5E /* BaseAuthState.swift */ = {isa = PBXFileReference; lastKnownFileType = sourcecode.swift; path = BaseAuthState.swift; sourceTree = "<group>"; };
		A156721424C6447A00BD6240 /* ApiManager.swift */ = {isa = PBXFileReference; lastKnownFileType = sourcecode.swift; path = ApiManager.swift; sourceTree = "<group>"; };
		A158B4E224C0E6970085D58D /* Title.swift */ = {isa = PBXFileReference; lastKnownFileType = sourcecode.swift; path = Title.swift; sourceTree = "<group>"; };
		A158B4E524C0E7D20085D58D /* Colors.swift */ = {isa = PBXFileReference; lastKnownFileType = sourcecode.swift; path = Colors.swift; sourceTree = "<group>"; };
		A158B4E824C0E8A70085D58D /* Color+.swift */ = {isa = PBXFileReference; lastKnownFileType = sourcecode.swift; path = "Color+.swift"; sourceTree = "<group>"; };
		A158B4EC24C0ED690085D58D /* AuthView.swift */ = {isa = PBXFileReference; lastKnownFileType = sourcecode.swift; path = AuthView.swift; sourceTree = "<group>"; };
		A158B4EE24C0EFDB0085D58D /* NavigationBarHidden.swift */ = {isa = PBXFileReference; lastKnownFileType = sourcecode.swift; path = NavigationBarHidden.swift; sourceTree = "<group>"; };
		A159BA7F24C2009700D90DCA /* App.swift */ = {isa = PBXFileReference; lastKnownFileType = sourcecode.swift; path = App.swift; sourceTree = "<group>"; };
		A16B92D624DCB12600691EC6 /* Map.swift */ = {isa = PBXFileReference; lastKnownFileType = sourcecode.swift; path = Map.swift; sourceTree = "<group>"; };
		A16B92D824DCB16A00691EC6 /* MapView.swift */ = {isa = PBXFileReference; lastKnownFileType = sourcecode.swift; path = MapView.swift; sourceTree = "<group>"; };
		A16B92DA24DCB6AE00691EC6 /* TabViewNavigation.swift */ = {isa = PBXFileReference; lastKnownFileType = sourcecode.swift; path = TabViewNavigation.swift; sourceTree = "<group>"; };
		A179E59424DCBEB50042A3C3 /* View+.swift */ = {isa = PBXFileReference; lastKnownFileType = sourcecode.swift; path = "View+.swift"; sourceTree = "<group>"; };
		A18068EB24DC180F0039C0E8 /* TabBar.swift */ = {isa = PBXFileReference; lastKnownFileType = sourcecode.swift; path = TabBar.swift; sourceTree = "<group>"; };
		A18068ED24DC18E40039C0E8 /* TabBarView.swift */ = {isa = PBXFileReference; lastKnownFileType = sourcecode.swift; path = TabBarView.swift; sourceTree = "<group>"; };
		A18763BD24C33DDE00ACE430 /* Main.swift */ = {isa = PBXFileReference; lastKnownFileType = sourcecode.swift; path = Main.swift; sourceTree = "<group>"; };
		A18763BF24C33E3900ACE430 /* MainView.swift */ = {isa = PBXFileReference; lastKnownFileType = sourcecode.swift; path = MainView.swift; sourceTree = "<group>"; };
		A18763C124C3417D00ACE430 /* UserManager.swift */ = {isa = PBXFileReference; lastKnownFileType = sourcecode.swift; path = UserManager.swift; sourceTree = "<group>"; };
		A18EEFF824C0C60C0013D45C /* Eventers.app */ = {isa = PBXFileReference; explicitFileType = wrapper.application; includeInIndex = 0; path = Eventers.app; sourceTree = BUILT_PRODUCTS_DIR; };
		A18EEFFB24C0C60C0013D45C /* AppDelegate.swift */ = {isa = PBXFileReference; lastKnownFileType = sourcecode.swift; path = AppDelegate.swift; sourceTree = "<group>"; };
		A18EEFFD24C0C60C0013D45C /* SceneDelegate.swift */ = {isa = PBXFileReference; lastKnownFileType = sourcecode.swift; path = SceneDelegate.swift; sourceTree = "<group>"; };
		A18EEFFF24C0C60C0013D45C /* ContentView.swift */ = {isa = PBXFileReference; lastKnownFileType = sourcecode.swift; path = ContentView.swift; sourceTree = "<group>"; };
		A18EF00124C0C60D0013D45C /* Assets.xcassets */ = {isa = PBXFileReference; lastKnownFileType = folder.assetcatalog; path = Assets.xcassets; sourceTree = "<group>"; };
		A18EF00424C0C60D0013D45C /* Preview Assets.xcassets */ = {isa = PBXFileReference; lastKnownFileType = folder.assetcatalog; path = "Preview Assets.xcassets"; sourceTree = "<group>"; };
		A18EF00724C0C60D0013D45C /* Base */ = {isa = PBXFileReference; lastKnownFileType = file.storyboard; name = Base; path = Base.lproj/LaunchScreen.storyboard; sourceTree = "<group>"; };
		A18EF00924C0C60D0013D45C /* Info.plist */ = {isa = PBXFileReference; lastKnownFileType = text.plist.xml; path = Info.plist; sourceTree = "<group>"; };
		A18EF00E24C0C60D0013D45C /* EventersTests.xctest */ = {isa = PBXFileReference; explicitFileType = wrapper.cfbundle; includeInIndex = 0; path = EventersTests.xctest; sourceTree = BUILT_PRODUCTS_DIR; };
		A18EF01224C0C60D0013D45C /* EventersTests.swift */ = {isa = PBXFileReference; lastKnownFileType = sourcecode.swift; path = EventersTests.swift; sourceTree = "<group>"; };
		A18EF01424C0C60D0013D45C /* Info.plist */ = {isa = PBXFileReference; lastKnownFileType = text.plist.xml; path = Info.plist; sourceTree = "<group>"; };
		A18EF01924C0C60D0013D45C /* EventersUITests.xctest */ = {isa = PBXFileReference; explicitFileType = wrapper.cfbundle; includeInIndex = 0; path = EventersUITests.xctest; sourceTree = BUILT_PRODUCTS_DIR; };
		A18EF01D24C0C60D0013D45C /* EventersUITests.swift */ = {isa = PBXFileReference; lastKnownFileType = sourcecode.swift; path = EventersUITests.swift; sourceTree = "<group>"; };
		A18EF01F24C0C60D0013D45C /* Info.plist */ = {isa = PBXFileReference; lastKnownFileType = text.plist.xml; path = Info.plist; sourceTree = "<group>"; };
		A1CC880C24CC8554001673F9 /* RectangleGapRepresentable.swift */ = {isa = PBXFileReference; lastKnownFileType = sourcecode.swift; path = RectangleGapRepresentable.swift; sourceTree = "<group>"; };
		A1F61F9024C205E1000521C1 /* GoogleService-Info.plist */ = {isa = PBXFileReference; lastKnownFileType = text.plist; path = "GoogleService-Info.plist"; sourceTree = SOURCE_ROOT; };
		B1D7E69DC962906773079126 /* Pods_EventersTests.framework */ = {isa = PBXFileReference; explicitFileType = wrapper.framework; includeInIndex = 0; path = Pods_EventersTests.framework; sourceTree = BUILT_PRODUCTS_DIR; };
		E401970AEA3B0FBE283AE5A5 /* Pods-Eventers-EventersUITests.release.xcconfig */ = {isa = PBXFileReference; includeInIndex = 1; lastKnownFileType = text.xcconfig; name = "Pods-Eventers-EventersUITests.release.xcconfig"; path = "Target Support Files/Pods-Eventers-EventersUITests/Pods-Eventers-EventersUITests.release.xcconfig"; sourceTree = "<group>"; };
		E62B7E07081A400BE2FBA3BD /* Pods-Eventers.debug.xcconfig */ = {isa = PBXFileReference; includeInIndex = 1; lastKnownFileType = text.xcconfig; name = "Pods-Eventers.debug.xcconfig"; path = "Target Support Files/Pods-Eventers/Pods-Eventers.debug.xcconfig"; sourceTree = "<group>"; };
		F54A4F076983E900AD482539 /* Pods-Eventers.release.xcconfig */ = {isa = PBXFileReference; includeInIndex = 1; lastKnownFileType = text.xcconfig; name = "Pods-Eventers.release.xcconfig"; path = "Target Support Files/Pods-Eventers/Pods-Eventers.release.xcconfig"; sourceTree = "<group>"; };
/* End PBXFileReference section */

/* Begin PBXFrameworksBuildPhase section */
		A18EEFF524C0C60C0013D45C /* Frameworks */ = {
			isa = PBXFrameworksBuildPhase;
			buildActionMask = 2147483647;
			files = (
				A158B4F624C0F1CD0085D58D /* ComposableCoreLocation in Frameworks */,
				A158B4F424C0F1CD0085D58D /* ComposableCoreMotion in Frameworks */,
				A158B4F224C0F1CD0085D58D /* ComposableArchitecture in Frameworks */,
				BEB9208B16BA0316BACE940C /* Pods_Eventers.framework in Frameworks */,
			);
			runOnlyForDeploymentPostprocessing = 0;
		};
		A18EF00B24C0C60D0013D45C /* Frameworks */ = {
			isa = PBXFrameworksBuildPhase;
			buildActionMask = 2147483647;
			files = (
				BBA8C54B83284217B5C36F61 /* Pods_EventersTests.framework in Frameworks */,
			);
			runOnlyForDeploymentPostprocessing = 0;
		};
		A18EF01624C0C60D0013D45C /* Frameworks */ = {
			isa = PBXFrameworksBuildPhase;
			buildActionMask = 2147483647;
			files = (
				F757B08F863D0FBBE1F4AED8 /* Pods_Eventers_EventersUITests.framework in Frameworks */,
			);
			runOnlyForDeploymentPostprocessing = 0;
		};
/* End PBXFrameworksBuildPhase section */

/* Begin PBXGroup section */
		7D79CDEC2E487BEEFFB118AF /* Frameworks */ = {
			isa = PBXGroup;
			children = (
				707C91987EFB321E7A5C2632 /* Pods_Eventers.framework */,
				2DE97D1F668BA3B5D40D6D30 /* Pods_Eventers_EventersUITests.framework */,
				B1D7E69DC962906773079126 /* Pods_EventersTests.framework */,
			);
			name = Frameworks;
			sourceTree = "<group>";
		};
		817DFB411785ABE8059FF44D /* Pods */ = {
			isa = PBXGroup;
			children = (
				E62B7E07081A400BE2FBA3BD /* Pods-Eventers.debug.xcconfig */,
				F54A4F076983E900AD482539 /* Pods-Eventers.release.xcconfig */,
				72BAFDE18B11CDEC675BD387 /* Pods-Eventers-EventersUITests.debug.xcconfig */,
				E401970AEA3B0FBE283AE5A5 /* Pods-Eventers-EventersUITests.release.xcconfig */,
				2B895A3600FB31D2B632992F /* Pods-EventersTests.debug.xcconfig */,
				784D9B9A078B0FB4B73617A6 /* Pods-EventersTests.release.xcconfig */,
			);
			path = Pods;
			sourceTree = "<group>";
		};
		A121989424C2188A00BA5D3B /* Managers */ = {
			isa = PBXGroup;
			children = (
				A121989124C20F4B00BA5D3B /* AuthManager.swift */,
				A18763C124C3417D00ACE430 /* UserManager.swift */,
				A156721424C6447A00BD6240 /* ApiManager.swift */,
			);
			path = Managers;
			sourceTree = "<group>";
		};
		A14B1B8124C356AF003D518D /* Constants */ = {
			isa = PBXGroup;
			children = (
				A14B1B8224C356BE003D518D /* Constants.swift */,
			);
			path = Constants;
			sourceTree = "<group>";
		};
		A14B1B8424C35740003D518D /* Models */ = {
			isa = PBXGroup;
			children = (
				A14B1B8524C3575A003D518D /* UserModel.swift */,
			);
			path = Models;
			sourceTree = "<group>";
		};
		A15640E224C30BC900059B5E /* Registration */ = {
			isa = PBXGroup;
			children = (
				A15640E324C30BD300059B5E /* Registration.swift */,
				A15640E624C3119300059B5E /* RegistrationView.swift */,
			);
			path = Registration;
			sourceTree = "<group>";
		};
		A15640E824C3139700059B5E /* Base */ = {
			isa = PBXGroup;
			children = (
				A15640E924C313A300059B5E /* BaseAuthState.swift */,
			);
			path = Base;
			sourceTree = "<group>";
		};
		A158B4E124C0E6740085D58D /* Modifiers */ = {
			isa = PBXGroup;
			children = (
				A158B4E224C0E6970085D58D /* Title.swift */,
				A158B4EE24C0EFDB0085D58D /* NavigationBarHidden.swift */,
			);
			path = Modifiers;
			sourceTree = "<group>";
		};
		A158B4E424C0E7C50085D58D /* Theme */ = {
			isa = PBXGroup;
			children = (
				A158B4E524C0E7D20085D58D /* Colors.swift */,
			);
			path = Theme;
			sourceTree = "<group>";
		};
		A158B4E724C0E8920085D58D /* Extensions */ = {
			isa = PBXGroup;
			children = (
				A158B4E824C0E8A70085D58D /* Color+.swift */,
				A179E59424DCBEB50042A3C3 /* View+.swift */,
			);
			path = Extensions;
			sourceTree = "<group>";
		};
		A158B4EA24C0ED360085D58D /* Modules */ = {
			isa = PBXGroup;
			children = (
				A16B92D524DCB11D00691EC6 /* Map */,
				A18763BC24C33DC900ACE430 /* Main */,
				A15640E224C30BC900059B5E /* Registration */,
				A158B4EB24C0ED5F0085D58D /* Auth */,
			);
			path = Modules;
			sourceTree = "<group>";
		};
		A158B4EB24C0ED5F0085D58D /* Auth */ = {
			isa = PBXGroup;
			children = (
				A121988E24C20C2000BA5D3B /* Auth.swift */,
				A158B4EC24C0ED690085D58D /* AuthView.swift */,
			);
			path = Auth;
			sourceTree = "<group>";
		};
		A158B4F724C0F4A30085D58D /* View */ = {
			isa = PBXGroup;
			children = (
				A16B92DC24DCB8BB00691EC6 /* Navigation */,
				A18068EA24DC17FF0039C0E8 /* TabBarView */,
				A1CC880B24CC8506001673F9 /* RectangleGap */,
			);
			path = View;
			sourceTree = "<group>";
		};
		A16B92D524DCB11D00691EC6 /* Map */ = {
			isa = PBXGroup;
			children = (
				A16B92D624DCB12600691EC6 /* Map.swift */,
				A16B92D824DCB16A00691EC6 /* MapView.swift */,
			);
			path = Map;
			sourceTree = "<group>";
		};
		A16B92DC24DCB8BB00691EC6 /* Navigation */ = {
			isa = PBXGroup;
			children = (
				A1305ED924C31DA8006948D5 /* NavigationStack.swift */,
				A16B92DA24DCB6AE00691EC6 /* TabViewNavigation.swift */,
			);
			path = Navigation;
			sourceTree = "<group>";
		};
		A18068EA24DC17FF0039C0E8 /* TabBarView */ = {
			isa = PBXGroup;
			children = (
				A18068EB24DC180F0039C0E8 /* TabBar.swift */,
				A18068ED24DC18E40039C0E8 /* TabBarView.swift */,
			);
			path = TabBarView;
			sourceTree = "<group>";
		};
		A18763BC24C33DC900ACE430 /* Main */ = {
			isa = PBXGroup;
			children = (
				A18763BD24C33DDE00ACE430 /* Main.swift */,
				A18763BF24C33E3900ACE430 /* MainView.swift */,
			);
			path = Main;
			sourceTree = "<group>";
		};
		A18EEFEF24C0C60C0013D45C = {
			isa = PBXGroup;
			children = (
				A18EEFFA24C0C60C0013D45C /* Eventers */,
				A18EF01124C0C60D0013D45C /* EventersTests */,
				A18EF01C24C0C60D0013D45C /* EventersUITests */,
				A18EEFF924C0C60C0013D45C /* Products */,
				817DFB411785ABE8059FF44D /* Pods */,
				7D79CDEC2E487BEEFFB118AF /* Frameworks */,
			);
			sourceTree = "<group>";
		};
		A18EEFF924C0C60C0013D45C /* Products */ = {
			isa = PBXGroup;
			children = (
				A18EEFF824C0C60C0013D45C /* Eventers.app */,
				A18EF00E24C0C60D0013D45C /* EventersTests.xctest */,
				A18EF01924C0C60D0013D45C /* EventersUITests.xctest */,
			);
			name = Products;
			sourceTree = "<group>";
		};
		A18EEFFA24C0C60C0013D45C /* Eventers */ = {
			isa = PBXGroup;
			children = (
				A1F61F9024C205E1000521C1 /* GoogleService-Info.plist */,
				A18EF02D24C0C7530013D45C /* App */,
				A18EF02C24C0C7410013D45C /* Asset */,
				A15640E824C3139700059B5E /* Base */,
				A14B1B8124C356AF003D518D /* Constants */,
				A18EF02B24C0C7310013D45C /* Configuration */,
				A158B4E724C0E8920085D58D /* Extensions */,
				A14B1B8424C35740003D518D /* Models */,
				A158B4E124C0E6740085D58D /* Modifiers */,
				A158B4E424C0E7C50085D58D /* Theme */,
				A121989424C2188A00BA5D3B /* Managers */,
				A158B4EA24C0ED360085D58D /* Modules */,
				A158B4F724C0F4A30085D58D /* View */,
			);
			path = Eventers;
			sourceTree = "<group>";
		};
		A18EF01124C0C60D0013D45C /* EventersTests */ = {
			isa = PBXGroup;
			children = (
				A18EF01224C0C60D0013D45C /* EventersTests.swift */,
				A18EF01424C0C60D0013D45C /* Info.plist */,
			);
			path = EventersTests;
			sourceTree = "<group>";
		};
		A18EF01C24C0C60D0013D45C /* EventersUITests */ = {
			isa = PBXGroup;
			children = (
				A18EF01D24C0C60D0013D45C /* EventersUITests.swift */,
				A18EF01F24C0C60D0013D45C /* Info.plist */,
			);
			path = EventersUITests;
			sourceTree = "<group>";
		};
		A18EF02B24C0C7310013D45C /* Configuration */ = {
			isa = PBXGroup;
			children = (
				A18EF00624C0C60D0013D45C /* LaunchScreen.storyboard */,
				A18EF00924C0C60D0013D45C /* Info.plist */,
			);
			path = Configuration;
			sourceTree = "<group>";
		};
		A18EF02C24C0C7410013D45C /* Asset */ = {
			isa = PBXGroup;
			children = (
				A18EF00424C0C60D0013D45C /* Preview Assets.xcassets */,
				A18EF00124C0C60D0013D45C /* Assets.xcassets */,
			);
			path = Asset;
			sourceTree = "<group>";
		};
		A18EF02D24C0C7530013D45C /* App */ = {
			isa = PBXGroup;
			children = (
				A18EEFFB24C0C60C0013D45C /* AppDelegate.swift */,
				A18EEFFD24C0C60C0013D45C /* SceneDelegate.swift */,
				A159BA7F24C2009700D90DCA /* App.swift */,
				A18EEFFF24C0C60C0013D45C /* ContentView.swift */,
			);
			path = App;
			sourceTree = "<group>";
		};
		A1CC880B24CC8506001673F9 /* RectangleGap */ = {
			isa = PBXGroup;
			children = (
				A1CC880C24CC8554001673F9 /* RectangleGapRepresentable.swift */,
			);
			path = RectangleGap;
			sourceTree = "<group>";
		};
/* End PBXGroup section */

/* Begin PBXNativeTarget section */
		A18EEFF724C0C60C0013D45C /* Eventers */ = {
			isa = PBXNativeTarget;
			buildConfigurationList = A18EF02224C0C60D0013D45C /* Build configuration list for PBXNativeTarget "Eventers" */;
			buildPhases = (
				549BC1EEAEA57D0A88CBBB3E /* [CP] Check Pods Manifest.lock */,
				A18EEFF424C0C60C0013D45C /* Sources */,
				A18EEFF524C0C60C0013D45C /* Frameworks */,
				A18EEFF624C0C60C0013D45C /* Resources */,
				BCAAE5A5813E0518C0B2E9DE /* [CP] Embed Pods Frameworks */,
			);
			buildRules = (
			);
			dependencies = (
			);
			name = Eventers;
			packageProductDependencies = (
				A158B4F124C0F1CD0085D58D /* ComposableArchitecture */,
				A158B4F324C0F1CD0085D58D /* ComposableCoreMotion */,
				A158B4F524C0F1CD0085D58D /* ComposableCoreLocation */,
			);
			productName = Eventers;
			productReference = A18EEFF824C0C60C0013D45C /* Eventers.app */;
			productType = "com.apple.product-type.application";
		};
		A18EF00D24C0C60D0013D45C /* EventersTests */ = {
			isa = PBXNativeTarget;
			buildConfigurationList = A18EF02524C0C60D0013D45C /* Build configuration list for PBXNativeTarget "EventersTests" */;
			buildPhases = (
				622BC78FDC14F31EF097F6A0 /* [CP] Check Pods Manifest.lock */,
				A18EF00A24C0C60D0013D45C /* Sources */,
				A18EF00B24C0C60D0013D45C /* Frameworks */,
				A18EF00C24C0C60D0013D45C /* Resources */,
			);
			buildRules = (
			);
			dependencies = (
				A18EF01024C0C60D0013D45C /* PBXTargetDependency */,
			);
			name = EventersTests;
			productName = EventersTests;
			productReference = A18EF00E24C0C60D0013D45C /* EventersTests.xctest */;
			productType = "com.apple.product-type.bundle.unit-test";
		};
		A18EF01824C0C60D0013D45C /* EventersUITests */ = {
			isa = PBXNativeTarget;
			buildConfigurationList = A18EF02824C0C60D0013D45C /* Build configuration list for PBXNativeTarget "EventersUITests" */;
			buildPhases = (
				12189EAE5435086E8EABFBD1 /* [CP] Check Pods Manifest.lock */,
				A18EF01524C0C60D0013D45C /* Sources */,
				A18EF01624C0C60D0013D45C /* Frameworks */,
				A18EF01724C0C60D0013D45C /* Resources */,
				AB761BE9E0F77D846F98A530 /* [CP] Embed Pods Frameworks */,
			);
			buildRules = (
			);
			dependencies = (
				A18EF01B24C0C60D0013D45C /* PBXTargetDependency */,
			);
			name = EventersUITests;
			productName = EventersUITests;
			productReference = A18EF01924C0C60D0013D45C /* EventersUITests.xctest */;
			productType = "com.apple.product-type.bundle.ui-testing";
		};
/* End PBXNativeTarget section */

/* Begin PBXProject section */
		A18EEFF024C0C60C0013D45C /* Project object */ = {
			isa = PBXProject;
			attributes = {
				LastSwiftUpdateCheck = 1160;
				LastUpgradeCheck = 1160;
				ORGANIZATIONNAME = "Vladislav Erchik";
				TargetAttributes = {
					A18EEFF724C0C60C0013D45C = {
						CreatedOnToolsVersion = 11.6;
					};
					A18EF00D24C0C60D0013D45C = {
						CreatedOnToolsVersion = 11.6;
						TestTargetID = A18EEFF724C0C60C0013D45C;
					};
					A18EF01824C0C60D0013D45C = {
						CreatedOnToolsVersion = 11.6;
						TestTargetID = A18EEFF724C0C60C0013D45C;
					};
				};
			};
			buildConfigurationList = A18EEFF324C0C60C0013D45C /* Build configuration list for PBXProject "Eventers" */;
			compatibilityVersion = "Xcode 9.3";
			developmentRegion = en;
			hasScannedForEncodings = 0;
			knownRegions = (
				en,
				Base,
			);
			mainGroup = A18EEFEF24C0C60C0013D45C;
			packageReferences = (
				A158B4F024C0F1CD0085D58D /* XCRemoteSwiftPackageReference "swift-composable-architecture" */,
			);
			productRefGroup = A18EEFF924C0C60C0013D45C /* Products */;
			projectDirPath = "";
			projectRoot = "";
			targets = (
				A18EEFF724C0C60C0013D45C /* Eventers */,
				A18EF00D24C0C60D0013D45C /* EventersTests */,
				A18EF01824C0C60D0013D45C /* EventersUITests */,
			);
		};
/* End PBXProject section */

/* Begin PBXResourcesBuildPhase section */
		A18EEFF624C0C60C0013D45C /* Resources */ = {
			isa = PBXResourcesBuildPhase;
			buildActionMask = 2147483647;
			files = (
				A18EF00824C0C60D0013D45C /* LaunchScreen.storyboard in Resources */,
				A1F61F9124C205E1000521C1 /* GoogleService-Info.plist in Resources */,
				A18EF00524C0C60D0013D45C /* Preview Assets.xcassets in Resources */,
				A18EF00224C0C60D0013D45C /* Assets.xcassets in Resources */,
			);
			runOnlyForDeploymentPostprocessing = 0;
		};
		A18EF00C24C0C60D0013D45C /* Resources */ = {
			isa = PBXResourcesBuildPhase;
			buildActionMask = 2147483647;
			files = (
			);
			runOnlyForDeploymentPostprocessing = 0;
		};
		A18EF01724C0C60D0013D45C /* Resources */ = {
			isa = PBXResourcesBuildPhase;
			buildActionMask = 2147483647;
			files = (
			);
			runOnlyForDeploymentPostprocessing = 0;
		};
/* End PBXResourcesBuildPhase section */

/* Begin PBXShellScriptBuildPhase section */
		12189EAE5435086E8EABFBD1 /* [CP] Check Pods Manifest.lock */ = {
			isa = PBXShellScriptBuildPhase;
			buildActionMask = 2147483647;
			files = (
			);
			inputFileListPaths = (
			);
			inputPaths = (
				"${PODS_PODFILE_DIR_PATH}/Podfile.lock",
				"${PODS_ROOT}/Manifest.lock",
			);
			name = "[CP] Check Pods Manifest.lock";
			outputFileListPaths = (
			);
			outputPaths = (
				"$(DERIVED_FILE_DIR)/Pods-Eventers-EventersUITests-checkManifestLockResult.txt",
			);
			runOnlyForDeploymentPostprocessing = 0;
			shellPath = /bin/sh;
			shellScript = "diff \"${PODS_PODFILE_DIR_PATH}/Podfile.lock\" \"${PODS_ROOT}/Manifest.lock\" > /dev/null\nif [ $? != 0 ] ; then\n    # print error to STDERR\n    echo \"error: The sandbox is not in sync with the Podfile.lock. Run 'pod install' or update your CocoaPods installation.\" >&2\n    exit 1\nfi\n# This output is used by Xcode 'outputs' to avoid re-running this script phase.\necho \"SUCCESS\" > \"${SCRIPT_OUTPUT_FILE_0}\"\n";
			showEnvVarsInLog = 0;
		};
		549BC1EEAEA57D0A88CBBB3E /* [CP] Check Pods Manifest.lock */ = {
			isa = PBXShellScriptBuildPhase;
			buildActionMask = 2147483647;
			files = (
			);
			inputFileListPaths = (
			);
			inputPaths = (
				"${PODS_PODFILE_DIR_PATH}/Podfile.lock",
				"${PODS_ROOT}/Manifest.lock",
			);
			name = "[CP] Check Pods Manifest.lock";
			outputFileListPaths = (
			);
			outputPaths = (
				"$(DERIVED_FILE_DIR)/Pods-Eventers-checkManifestLockResult.txt",
			);
			runOnlyForDeploymentPostprocessing = 0;
			shellPath = /bin/sh;
			shellScript = "diff \"${PODS_PODFILE_DIR_PATH}/Podfile.lock\" \"${PODS_ROOT}/Manifest.lock\" > /dev/null\nif [ $? != 0 ] ; then\n    # print error to STDERR\n    echo \"error: The sandbox is not in sync with the Podfile.lock. Run 'pod install' or update your CocoaPods installation.\" >&2\n    exit 1\nfi\n# This output is used by Xcode 'outputs' to avoid re-running this script phase.\necho \"SUCCESS\" > \"${SCRIPT_OUTPUT_FILE_0}\"\n";
			showEnvVarsInLog = 0;
		};
		622BC78FDC14F31EF097F6A0 /* [CP] Check Pods Manifest.lock */ = {
			isa = PBXShellScriptBuildPhase;
			buildActionMask = 2147483647;
			files = (
			);
			inputFileListPaths = (
			);
			inputPaths = (
				"${PODS_PODFILE_DIR_PATH}/Podfile.lock",
				"${PODS_ROOT}/Manifest.lock",
			);
			name = "[CP] Check Pods Manifest.lock";
			outputFileListPaths = (
			);
			outputPaths = (
				"$(DERIVED_FILE_DIR)/Pods-EventersTests-checkManifestLockResult.txt",
			);
			runOnlyForDeploymentPostprocessing = 0;
			shellPath = /bin/sh;
			shellScript = "diff \"${PODS_PODFILE_DIR_PATH}/Podfile.lock\" \"${PODS_ROOT}/Manifest.lock\" > /dev/null\nif [ $? != 0 ] ; then\n    # print error to STDERR\n    echo \"error: The sandbox is not in sync with the Podfile.lock. Run 'pod install' or update your CocoaPods installation.\" >&2\n    exit 1\nfi\n# This output is used by Xcode 'outputs' to avoid re-running this script phase.\necho \"SUCCESS\" > \"${SCRIPT_OUTPUT_FILE_0}\"\n";
			showEnvVarsInLog = 0;
		};
		AB761BE9E0F77D846F98A530 /* [CP] Embed Pods Frameworks */ = {
			isa = PBXShellScriptBuildPhase;
			buildActionMask = 2147483647;
			files = (
			);
			inputFileListPaths = (
				"${PODS_ROOT}/Target Support Files/Pods-Eventers-EventersUITests/Pods-Eventers-EventersUITests-frameworks-${CONFIGURATION}-input-files.xcfilelist",
			);
			name = "[CP] Embed Pods Frameworks";
			outputFileListPaths = (
				"${PODS_ROOT}/Target Support Files/Pods-Eventers-EventersUITests/Pods-Eventers-EventersUITests-frameworks-${CONFIGURATION}-output-files.xcfilelist",
			);
			runOnlyForDeploymentPostprocessing = 0;
			shellPath = /bin/sh;
			shellScript = "\"${PODS_ROOT}/Target Support Files/Pods-Eventers-EventersUITests/Pods-Eventers-EventersUITests-frameworks.sh\"\n";
			showEnvVarsInLog = 0;
		};
		BCAAE5A5813E0518C0B2E9DE /* [CP] Embed Pods Frameworks */ = {
			isa = PBXShellScriptBuildPhase;
			buildActionMask = 2147483647;
			files = (
			);
			inputFileListPaths = (
				"${PODS_ROOT}/Target Support Files/Pods-Eventers/Pods-Eventers-frameworks-${CONFIGURATION}-input-files.xcfilelist",
			);
			name = "[CP] Embed Pods Frameworks";
			outputFileListPaths = (
				"${PODS_ROOT}/Target Support Files/Pods-Eventers/Pods-Eventers-frameworks-${CONFIGURATION}-output-files.xcfilelist",
			);
			runOnlyForDeploymentPostprocessing = 0;
			shellPath = /bin/sh;
			shellScript = "\"${PODS_ROOT}/Target Support Files/Pods-Eventers/Pods-Eventers-frameworks.sh\"\n";
			showEnvVarsInLog = 0;
		};
/* End PBXShellScriptBuildPhase section */

/* Begin PBXSourcesBuildPhase section */
		A18EEFF424C0C60C0013D45C /* Sources */ = {
			isa = PBXSourcesBuildPhase;
			buildActionMask = 2147483647;
			files = (
				A18763C224C3417D00ACE430 /* UserManager.swift in Sources */,
				A14B1B8324C356BE003D518D /* Constants.swift in Sources */,
				A18068EE24DC18E40039C0E8 /* TabBarView.swift in Sources */,
				A158B4ED24C0ED690085D58D /* AuthView.swift in Sources */,
				A179E59524DCBEB50042A3C3 /* View+.swift in Sources */,
				A1CC880D24CC8554001673F9 /* RectangleGapRepresentable.swift in Sources */,
				A121989224C20F4B00BA5D3B /* AuthManager.swift in Sources */,
				A18EEFFC24C0C60C0013D45C /* AppDelegate.swift in Sources */,
				A15640E724C3119300059B5E /* RegistrationView.swift in Sources */,
				A15640EA24C313A300059B5E /* BaseAuthState.swift in Sources */,
				A1305EDA24C31DA8006948D5 /* NavigationStack.swift in Sources */,
				A158B4E924C0E8A70085D58D /* Color+.swift in Sources */,
				A159BA8024C2009700D90DCA /* App.swift in Sources */,
				A156721524C6447A00BD6240 /* ApiManager.swift in Sources */,
				A15640E424C30BD300059B5E /* Registration.swift in Sources */,
				A158B4E624C0E7D20085D58D /* Colors.swift in Sources */,
				A18763BE24C33DDE00ACE430 /* Main.swift in Sources */,
				A16B92DB24DCB6AE00691EC6 /* TabViewNavigation.swift in Sources */,
				A18763C024C33E3900ACE430 /* MainView.swift in Sources */,
				A16B92D924DCB16A00691EC6 /* MapView.swift in Sources */,
				A121988F24C20C2000BA5D3B /* Auth.swift in Sources */,
				A18EEFFE24C0C60C0013D45C /* SceneDelegate.swift in Sources */,
				A18068EC24DC180F0039C0E8 /* TabBar.swift in Sources */,
				A16B92D724DCB12600691EC6 /* Map.swift in Sources */,
				A158B4EF24C0EFDB0085D58D /* NavigationBarHidden.swift in Sources */,
				A158B4E324C0E6970085D58D /* Title.swift in Sources */,
				A14B1B8624C3575A003D518D /* UserModel.swift in Sources */,
				A18EF00024C0C60C0013D45C /* ContentView.swift in Sources */,
			);
			runOnlyForDeploymentPostprocessing = 0;
		};
		A18EF00A24C0C60D0013D45C /* Sources */ = {
			isa = PBXSourcesBuildPhase;
			buildActionMask = 2147483647;
			files = (
				A18EF01324C0C60D0013D45C /* EventersTests.swift in Sources */,
			);
			runOnlyForDeploymentPostprocessing = 0;
		};
		A18EF01524C0C60D0013D45C /* Sources */ = {
			isa = PBXSourcesBuildPhase;
			buildActionMask = 2147483647;
			files = (
				A18EF01E24C0C60D0013D45C /* EventersUITests.swift in Sources */,
			);
			runOnlyForDeploymentPostprocessing = 0;
		};
/* End PBXSourcesBuildPhase section */

/* Begin PBXTargetDependency section */
		A18EF01024C0C60D0013D45C /* PBXTargetDependency */ = {
			isa = PBXTargetDependency;
			target = A18EEFF724C0C60C0013D45C /* Eventers */;
			targetProxy = A18EF00F24C0C60D0013D45C /* PBXContainerItemProxy */;
		};
		A18EF01B24C0C60D0013D45C /* PBXTargetDependency */ = {
			isa = PBXTargetDependency;
			target = A18EEFF724C0C60C0013D45C /* Eventers */;
			targetProxy = A18EF01A24C0C60D0013D45C /* PBXContainerItemProxy */;
		};
/* End PBXTargetDependency section */

/* Begin PBXVariantGroup section */
		A18EF00624C0C60D0013D45C /* LaunchScreen.storyboard */ = {
			isa = PBXVariantGroup;
			children = (
				A18EF00724C0C60D0013D45C /* Base */,
			);
			name = LaunchScreen.storyboard;
			sourceTree = "<group>";
		};
/* End PBXVariantGroup section */

/* Begin XCBuildConfiguration section */
		A18EF02024C0C60D0013D45C /* Debug */ = {
			isa = XCBuildConfiguration;
			buildSettings = {
				ALWAYS_SEARCH_USER_PATHS = NO;
				CLANG_ANALYZER_NONNULL = YES;
				CLANG_ANALYZER_NUMBER_OBJECT_CONVERSION = YES_AGGRESSIVE;
				CLANG_CXX_LANGUAGE_STANDARD = "gnu++14";
				CLANG_CXX_LIBRARY = "libc++";
				CLANG_ENABLE_MODULES = YES;
				CLANG_ENABLE_OBJC_ARC = YES;
				CLANG_ENABLE_OBJC_WEAK = YES;
				CLANG_WARN_BLOCK_CAPTURE_AUTORELEASING = YES;
				CLANG_WARN_BOOL_CONVERSION = YES;
				CLANG_WARN_COMMA = YES;
				CLANG_WARN_CONSTANT_CONVERSION = YES;
				CLANG_WARN_DEPRECATED_OBJC_IMPLEMENTATIONS = YES;
				CLANG_WARN_DIRECT_OBJC_ISA_USAGE = YES_ERROR;
				CLANG_WARN_DOCUMENTATION_COMMENTS = YES;
				CLANG_WARN_EMPTY_BODY = YES;
				CLANG_WARN_ENUM_CONVERSION = YES;
				CLANG_WARN_INFINITE_RECURSION = YES;
				CLANG_WARN_INT_CONVERSION = YES;
				CLANG_WARN_NON_LITERAL_NULL_CONVERSION = YES;
				CLANG_WARN_OBJC_IMPLICIT_RETAIN_SELF = YES;
				CLANG_WARN_OBJC_LITERAL_CONVERSION = YES;
				CLANG_WARN_OBJC_ROOT_CLASS = YES_ERROR;
				CLANG_WARN_RANGE_LOOP_ANALYSIS = YES;
				CLANG_WARN_STRICT_PROTOTYPES = YES;
				CLANG_WARN_SUSPICIOUS_MOVE = YES;
				CLANG_WARN_UNGUARDED_AVAILABILITY = YES_AGGRESSIVE;
				CLANG_WARN_UNREACHABLE_CODE = YES;
				CLANG_WARN__DUPLICATE_METHOD_MATCH = YES;
				COPY_PHASE_STRIP = NO;
				DEBUG_INFORMATION_FORMAT = dwarf;
				ENABLE_STRICT_OBJC_MSGSEND = YES;
				ENABLE_TESTABILITY = YES;
				GCC_C_LANGUAGE_STANDARD = gnu11;
				GCC_DYNAMIC_NO_PIC = NO;
				GCC_NO_COMMON_BLOCKS = YES;
				GCC_OPTIMIZATION_LEVEL = 0;
				GCC_PREPROCESSOR_DEFINITIONS = (
					"DEBUG=1",
					"$(inherited)",
				);
				GCC_WARN_64_TO_32_BIT_CONVERSION = YES;
				GCC_WARN_ABOUT_RETURN_TYPE = YES_ERROR;
				GCC_WARN_UNDECLARED_SELECTOR = YES;
				GCC_WARN_UNINITIALIZED_AUTOS = YES_AGGRESSIVE;
				GCC_WARN_UNUSED_FUNCTION = YES;
				GCC_WARN_UNUSED_VARIABLE = YES;
				IPHONEOS_DEPLOYMENT_TARGET = 13.6;
				MTL_ENABLE_DEBUG_INFO = INCLUDE_SOURCE;
				MTL_FAST_MATH = YES;
				ONLY_ACTIVE_ARCH = YES;
				SDKROOT = iphoneos;
				SWIFT_ACTIVE_COMPILATION_CONDITIONS = DEBUG;
				SWIFT_OPTIMIZATION_LEVEL = "-Onone";
			};
			name = Debug;
		};
		A18EF02124C0C60D0013D45C /* Release */ = {
			isa = XCBuildConfiguration;
			buildSettings = {
				ALWAYS_SEARCH_USER_PATHS = NO;
				CLANG_ANALYZER_NONNULL = YES;
				CLANG_ANALYZER_NUMBER_OBJECT_CONVERSION = YES_AGGRESSIVE;
				CLANG_CXX_LANGUAGE_STANDARD = "gnu++14";
				CLANG_CXX_LIBRARY = "libc++";
				CLANG_ENABLE_MODULES = YES;
				CLANG_ENABLE_OBJC_ARC = YES;
				CLANG_ENABLE_OBJC_WEAK = YES;
				CLANG_WARN_BLOCK_CAPTURE_AUTORELEASING = YES;
				CLANG_WARN_BOOL_CONVERSION = YES;
				CLANG_WARN_COMMA = YES;
				CLANG_WARN_CONSTANT_CONVERSION = YES;
				CLANG_WARN_DEPRECATED_OBJC_IMPLEMENTATIONS = YES;
				CLANG_WARN_DIRECT_OBJC_ISA_USAGE = YES_ERROR;
				CLANG_WARN_DOCUMENTATION_COMMENTS = YES;
				CLANG_WARN_EMPTY_BODY = YES;
				CLANG_WARN_ENUM_CONVERSION = YES;
				CLANG_WARN_INFINITE_RECURSION = YES;
				CLANG_WARN_INT_CONVERSION = YES;
				CLANG_WARN_NON_LITERAL_NULL_CONVERSION = YES;
				CLANG_WARN_OBJC_IMPLICIT_RETAIN_SELF = YES;
				CLANG_WARN_OBJC_LITERAL_CONVERSION = YES;
				CLANG_WARN_OBJC_ROOT_CLASS = YES_ERROR;
				CLANG_WARN_RANGE_LOOP_ANALYSIS = YES;
				CLANG_WARN_STRICT_PROTOTYPES = YES;
				CLANG_WARN_SUSPICIOUS_MOVE = YES;
				CLANG_WARN_UNGUARDED_AVAILABILITY = YES_AGGRESSIVE;
				CLANG_WARN_UNREACHABLE_CODE = YES;
				CLANG_WARN__DUPLICATE_METHOD_MATCH = YES;
				COPY_PHASE_STRIP = NO;
				DEBUG_INFORMATION_FORMAT = "dwarf-with-dsym";
				ENABLE_NS_ASSERTIONS = NO;
				ENABLE_STRICT_OBJC_MSGSEND = YES;
				GCC_C_LANGUAGE_STANDARD = gnu11;
				GCC_NO_COMMON_BLOCKS = YES;
				GCC_WARN_64_TO_32_BIT_CONVERSION = YES;
				GCC_WARN_ABOUT_RETURN_TYPE = YES_ERROR;
				GCC_WARN_UNDECLARED_SELECTOR = YES;
				GCC_WARN_UNINITIALIZED_AUTOS = YES_AGGRESSIVE;
				GCC_WARN_UNUSED_FUNCTION = YES;
				GCC_WARN_UNUSED_VARIABLE = YES;
				IPHONEOS_DEPLOYMENT_TARGET = 13.6;
				MTL_ENABLE_DEBUG_INFO = NO;
				MTL_FAST_MATH = YES;
				SDKROOT = iphoneos;
				SWIFT_COMPILATION_MODE = wholemodule;
				SWIFT_OPTIMIZATION_LEVEL = "-O";
				VALIDATE_PRODUCT = YES;
			};
			name = Release;
		};
		A18EF02324C0C60D0013D45C /* Debug */ = {
			isa = XCBuildConfiguration;
			baseConfigurationReference = E62B7E07081A400BE2FBA3BD /* Pods-Eventers.debug.xcconfig */;
			buildSettings = {
				ASSETCATALOG_COMPILER_APPICON_NAME = AppIcon;
				CODE_SIGN_STYLE = Automatic;
				DEVELOPMENT_ASSET_PATHS = "";
				DEVELOPMENT_TEAM = 8ZU9Z57M8B;
				ENABLE_PREVIEWS = YES;
				INFOPLIST_FILE = Eventers/Configuration/Info.plist;
				LD_RUNPATH_SEARCH_PATHS = (
					"$(inherited)",
					"@executable_path/Frameworks",
				);
				PRODUCT_BUNDLE_IDENTIFIER = papaya.inc.Eventers;
				PRODUCT_NAME = "$(TARGET_NAME)";
				SWIFT_VERSION = 5.0;
				TARGETED_DEVICE_FAMILY = "1,2";
			};
			name = Debug;
		};
		A18EF02424C0C60D0013D45C /* Release */ = {
			isa = XCBuildConfiguration;
			baseConfigurationReference = F54A4F076983E900AD482539 /* Pods-Eventers.release.xcconfig */;
			buildSettings = {
				ASSETCATALOG_COMPILER_APPICON_NAME = AppIcon;
				CODE_SIGN_STYLE = Automatic;
				DEVELOPMENT_ASSET_PATHS = "";
				DEVELOPMENT_TEAM = 8ZU9Z57M8B;
				ENABLE_PREVIEWS = YES;
				INFOPLIST_FILE = Eventers/Configuration/Info.plist;
				LD_RUNPATH_SEARCH_PATHS = (
					"$(inherited)",
					"@executable_path/Frameworks",
				);
				PRODUCT_BUNDLE_IDENTIFIER = papaya.inc.Eventers;
				PRODUCT_NAME = "$(TARGET_NAME)";
				SWIFT_VERSION = 5.0;
				TARGETED_DEVICE_FAMILY = "1,2";
			};
			name = Release;
		};
		A18EF02624C0C60D0013D45C /* Debug */ = {
			isa = XCBuildConfiguration;
			baseConfigurationReference = 2B895A3600FB31D2B632992F /* Pods-EventersTests.debug.xcconfig */;
			buildSettings = {
				ALWAYS_EMBED_SWIFT_STANDARD_LIBRARIES = YES;
				BUNDLE_LOADER = "$(TEST_HOST)";
				CODE_SIGN_STYLE = Automatic;
				INFOPLIST_FILE = EventersTests/Info.plist;
				IPHONEOS_DEPLOYMENT_TARGET = 13.6;
				LD_RUNPATH_SEARCH_PATHS = (
					"$(inherited)",
					"@executable_path/Frameworks",
					"@loader_path/Frameworks",
				);
				PRODUCT_BUNDLE_IDENTIFIER = papaya.inc.EventersTests;
				PRODUCT_NAME = "$(TARGET_NAME)";
				SWIFT_VERSION = 5.0;
				TARGETED_DEVICE_FAMILY = "1,2";
				TEST_HOST = "$(BUILT_PRODUCTS_DIR)/Eventers.app/Eventers";
			};
			name = Debug;
		};
		A18EF02724C0C60D0013D45C /* Release */ = {
			isa = XCBuildConfiguration;
			baseConfigurationReference = 784D9B9A078B0FB4B73617A6 /* Pods-EventersTests.release.xcconfig */;
			buildSettings = {
				ALWAYS_EMBED_SWIFT_STANDARD_LIBRARIES = YES;
				BUNDLE_LOADER = "$(TEST_HOST)";
				CODE_SIGN_STYLE = Automatic;
				INFOPLIST_FILE = EventersTests/Info.plist;
				IPHONEOS_DEPLOYMENT_TARGET = 13.6;
				LD_RUNPATH_SEARCH_PATHS = (
					"$(inherited)",
					"@executable_path/Frameworks",
					"@loader_path/Frameworks",
				);
				PRODUCT_BUNDLE_IDENTIFIER = papaya.inc.EventersTests;
				PRODUCT_NAME = "$(TARGET_NAME)";
				SWIFT_VERSION = 5.0;
				TARGETED_DEVICE_FAMILY = "1,2";
				TEST_HOST = "$(BUILT_PRODUCTS_DIR)/Eventers.app/Eventers";
			};
			name = Release;
		};
		A18EF02924C0C60D0013D45C /* Debug */ = {
			isa = XCBuildConfiguration;
			baseConfigurationReference = 72BAFDE18B11CDEC675BD387 /* Pods-Eventers-EventersUITests.debug.xcconfig */;
			buildSettings = {
				ALWAYS_EMBED_SWIFT_STANDARD_LIBRARIES = YES;
				CODE_SIGN_STYLE = Automatic;
				INFOPLIST_FILE = EventersUITests/Info.plist;
				LD_RUNPATH_SEARCH_PATHS = (
					"$(inherited)",
					"@executable_path/Frameworks",
					"@loader_path/Frameworks",
				);
				PRODUCT_BUNDLE_IDENTIFIER = papaya.inc.EventersUITests;
				PRODUCT_NAME = "$(TARGET_NAME)";
				SWIFT_VERSION = 5.0;
				TARGETED_DEVICE_FAMILY = "1,2";
				TEST_TARGET_NAME = Eventers;
			};
			name = Debug;
		};
		A18EF02A24C0C60D0013D45C /* Release */ = {
			isa = XCBuildConfiguration;
			baseConfigurationReference = E401970AEA3B0FBE283AE5A5 /* Pods-Eventers-EventersUITests.release.xcconfig */;
			buildSettings = {
				ALWAYS_EMBED_SWIFT_STANDARD_LIBRARIES = YES;
				CODE_SIGN_STYLE = Automatic;
				INFOPLIST_FILE = EventersUITests/Info.plist;
				LD_RUNPATH_SEARCH_PATHS = (
					"$(inherited)",
					"@executable_path/Frameworks",
					"@loader_path/Frameworks",
				);
				PRODUCT_BUNDLE_IDENTIFIER = papaya.inc.EventersUITests;
				PRODUCT_NAME = "$(TARGET_NAME)";
				SWIFT_VERSION = 5.0;
				TARGETED_DEVICE_FAMILY = "1,2";
				TEST_TARGET_NAME = Eventers;
			};
			name = Release;
		};
/* End XCBuildConfiguration section */

/* Begin XCConfigurationList section */
		A18EEFF324C0C60C0013D45C /* Build configuration list for PBXProject "Eventers" */ = {
			isa = XCConfigurationList;
			buildConfigurations = (
				A18EF02024C0C60D0013D45C /* Debug */,
				A18EF02124C0C60D0013D45C /* Release */,
			);
			defaultConfigurationIsVisible = 0;
			defaultConfigurationName = Release;
		};
		A18EF02224C0C60D0013D45C /* Build configuration list for PBXNativeTarget "Eventers" */ = {
			isa = XCConfigurationList;
			buildConfigurations = (
				A18EF02324C0C60D0013D45C /* Debug */,
				A18EF02424C0C60D0013D45C /* Release */,
			);
			defaultConfigurationIsVisible = 0;
			defaultConfigurationName = Release;
		};
		A18EF02524C0C60D0013D45C /* Build configuration list for PBXNativeTarget "EventersTests" */ = {
			isa = XCConfigurationList;
			buildConfigurations = (
				A18EF02624C0C60D0013D45C /* Debug */,
				A18EF02724C0C60D0013D45C /* Release */,
			);
			defaultConfigurationIsVisible = 0;
			defaultConfigurationName = Release;
		};
		A18EF02824C0C60D0013D45C /* Build configuration list for PBXNativeTarget "EventersUITests" */ = {
			isa = XCConfigurationList;
			buildConfigurations = (
				A18EF02924C0C60D0013D45C /* Debug */,
				A18EF02A24C0C60D0013D45C /* Release */,
			);
			defaultConfigurationIsVisible = 0;
			defaultConfigurationName = Release;
		};
/* End XCConfigurationList section */

/* Begin XCRemoteSwiftPackageReference section */
		A158B4F024C0F1CD0085D58D /* XCRemoteSwiftPackageReference "swift-composable-architecture" */ = {
			isa = XCRemoteSwiftPackageReference;
			repositoryURL = "https://github.com/pointfreeco/swift-composable-architecture";
			requirement = {
				kind = upToNextMajorVersion;
				minimumVersion = 0.6.0;
			};
		};
/* End XCRemoteSwiftPackageReference section */

/* Begin XCSwiftPackageProductDependency section */
		A158B4F124C0F1CD0085D58D /* ComposableArchitecture */ = {
			isa = XCSwiftPackageProductDependency;
			package = A158B4F024C0F1CD0085D58D /* XCRemoteSwiftPackageReference "swift-composable-architecture" */;
			productName = ComposableArchitecture;
		};
		A158B4F324C0F1CD0085D58D /* ComposableCoreMotion */ = {
			isa = XCSwiftPackageProductDependency;
			package = A158B4F024C0F1CD0085D58D /* XCRemoteSwiftPackageReference "swift-composable-architecture" */;
			productName = ComposableCoreMotion;
		};
		A158B4F524C0F1CD0085D58D /* ComposableCoreLocation */ = {
			isa = XCSwiftPackageProductDependency;
			package = A158B4F024C0F1CD0085D58D /* XCRemoteSwiftPackageReference "swift-composable-architecture" */;
			productName = ComposableCoreLocation;
		};
/* End XCSwiftPackageProductDependency section */
	};
	rootObject = A18EEFF024C0C60C0013D45C /* Project object */;
}
